
Microsoft Visual Studio Solution File, Format Version 12.00
# Visual Studio 15
VisualStudioVersion = 15.0.28307.329
MinimumVisualStudioVersion = 10.0.40219.1
Project("{FAE04EC0-301F-11D3-BF4B-00C04F79EFBC}") = "BargainHunter", "BargainHunter\BargainHunter.csproj", "{6590F295-B7F3-4D57-8D9F-856624BF8ED6}"
EndProject
Project("{FAE04EC0-301F-11D3-BF4B-00C04F79EFBC}") = "BargainHunter.Tests", "BargainHunter.Tests\BargainHunter.Tests.csproj", "{B7AF4317-C9D7-438A-857F-5D404091C3CE}"
EndProject
Project("{FAE04EC0-301F-11D3-BF4B-00C04F79EFBC}") = "BargainHunterAPI", "BargainHunterAPI\BargainHunterAPI.csproj", "{2D0B00EC-109E-4CE6-92C7-EF575BC6D74D}"
EndProject
Global
	GlobalSection(SolutionConfigurationPlatforms) = preSolution
		Debug|Any CPU = Debug|Any CPU
		Release|Any CPU = Release|Any CPU
	EndGlobalSection
	GlobalSection(ProjectConfigurationPlatforms) = postSolution
		{6590F295-B7F3-4D57-8D9F-856624BF8ED6}.Debug|Any CPU.ActiveCfg = Debug|Any CPU
		{6590F295-B7F3-4D57-8D9F-856624BF8ED6}.Debug|Any CPU.Build.0 = Debug|Any CPU
		{6590F295-B7F3-4D57-8D9F-856624BF8ED6}.Release|Any CPU.ActiveCfg = Release|Any CPU
		{6590F295-B7F3-4D57-8D9F-856624BF8ED6}.Release|Any CPU.Build.0 = Release|Any CPU
		{B7AF4317-C9D7-438A-857F-5D404091C3CE}.Debug|Any CPU.ActiveCfg = Debug|Any CPU
		{B7AF4317-C9D7-438A-857F-5D404091C3CE}.Debug|Any CPU.Build.0 = Debug|Any CPU
		{B7AF4317-C9D7-438A-857F-5D404091C3CE}.Release|Any CPU.ActiveCfg = Release|Any CPU
		{B7AF4317-C9D7-438A-857F-5D404091C3CE}.Release|Any CPU.Build.0 = Release|Any CPU
		{2D0B00EC-109E-4CE6-92C7-EF575BC6D74D}.Debug|Any CPU.ActiveCfg = Debug|Any CPU
		{2D0B00EC-109E-4CE6-92C7-EF575BC6D74D}.Debug|Any CPU.Build.0 = Debug|Any CPU
		{2D0B00EC-109E-4CE6-92C7-EF575BC6D74D}.Release|Any CPU.ActiveCfg = Release|Any CPU
		{2D0B00EC-109E-4CE6-92C7-EF575BC6D74D}.Release|Any CPU.Build.0 = Release|Any CPU
	EndGlobalSection
	GlobalSection(SolutionProperties) = preSolution
		HideSolutionNode = FALSE
	EndGlobalSection
	GlobalSection(ExtensibilityGlobals) = postSolution
		SolutionGuid = {839C9825-700D-4494-B964-D64CF807D167}
	EndGlobalSection
EndGlobal
